
Microsoft Visual Studio Solution File, Format Version 12.00
# Visual Studio 2012
Project("{FAE04EC0-301F-11D3-BF4B-00C04F79EFBC}") = "NutriFlOw.Web", "NutriFlOw\NutriFlOw.Web.csproj", "{6939E7A8-339E-4F08-BA5F-EB38B6E66E2B}"
EndProject
Project("{FAE04EC0-301F-11D3-BF4B-00C04F79EFBC}") = "NutriFlOw.Tests", "NutriFlOw.Tests\NutriFlOw.Tests.csproj", "{7F507219-4D6C-400A-AAC3-CEFF56BC0A7D}"
EndProject
Global
	GlobalSection(SolutionConfigurationPlatforms) = preSolution
		Debug|Any CPU = Debug|Any CPU
		Release|Any CPU = Release|Any CPU
	EndGlobalSection
	GlobalSection(ProjectConfigurationPlatforms) = postSolution
		{6939E7A8-339E-4F08-BA5F-EB38B6E66E2B}.Debug|Any CPU.ActiveCfg = Debug|Any CPU
		{6939E7A8-339E-4F08-BA5F-EB38B6E66E2B}.Debug|Any CPU.Build.0 = Debug|Any CPU
		{6939E7A8-339E-4F08-BA5F-EB38B6E66E2B}.Release|Any CPU.ActiveCfg = Release|Any CPU
		{6939E7A8-339E-4F08-BA5F-EB38B6E66E2B}.Release|Any CPU.Build.0 = Release|Any CPU
		{7F507219-4D6C-400A-AAC3-CEFF56BC0A7D}.Debug|Any CPU.ActiveCfg = Debug|Any CPU
		{7F507219-4D6C-400A-AAC3-CEFF56BC0A7D}.Debug|Any CPU.Build.0 = Debug|Any CPU
		{7F507219-4D6C-400A-AAC3-CEFF56BC0A7D}.Release|Any CPU.ActiveCfg = Release|Any CPU
		{7F507219-4D6C-400A-AAC3-CEFF56BC0A7D}.Release|Any CPU.Build.0 = Release|Any CPU
	EndGlobalSection
	GlobalSection(SolutionProperties) = preSolution
		HideSolutionNode = FALSE
	EndGlobalSection
EndGlobal
